// !$*UTF8*$!
{
	archiveVersion = 1;
	classes = {
	};
	objectVersion = 77;
	objects = {

/* Begin PBXBuildFile section */
		02D7E7C52F6D143A00C20BC2 /* GoogleSignIn in Frameworks */ = {isa = PBXBuildFile; productRef = 02D7E7C42F6D143A00C20BC2 /* GoogleSignIn */; };
		02D7E7C72F6D143A00C20BC2 /* GoogleSignInSwift in Frameworks */ = {isa = PBXBuildFile; productRef = 02D7E7C62F6D143A00C20BC2 /* GoogleSignInSwift */; };
		BF1B1AAF2F4070EF00C4F236 /* VL1004.mlpackage in Sources */ = {isa = PBXBuildFile; fileRef = BF1B1AAE2F4070EF00C4F236 /* VL1004.mlpackage */; };
		BFDA3C6F2F40735600445EC1 /* FirebaseAI in Frameworks */ = {isa = PBXBuildFile; productRef = BFDA3C6E2F40735600445EC1 /* FirebaseAI */; };
		BFDA3C712F40735600445EC1 /* FirebaseAILogic in Frameworks */ = {isa = PBXBuildFile; productRef = BFDA3C702F40735600445EC1 /* FirebaseAILogic */; };
		BFDA3C732F40735600445EC1 /* FirebaseAnalytics in Frameworks */ = {isa = PBXBuildFile; productRef = BFDA3C722F40735600445EC1 /* FirebaseAnalytics */; };
		BFDA3C752F40735600445EC1 /* FirebaseAnalyticsCore in Frameworks */ = {isa = PBXBuildFile; productRef = BFDA3C742F40735600445EC1 /* FirebaseAnalyticsCore */; };
		BFDA3C772F40735600445EC1 /* FirebaseAnalyticsIdentitySupport in Frameworks */ = {isa = PBXBuildFile; productRef = BFDA3C762F40735600445EC1 /* FirebaseAnalyticsIdentitySupport */; };
		BFDA3C792F40735600445EC1 /* FirebaseAppCheck in Frameworks */ = {isa = PBXBuildFile; productRef = BFDA3C782F40735600445EC1 /* FirebaseAppCheck */; };
		BFDA3C7B2F40735600445EC1 /* FirebaseAppDistribution-Beta in Frameworks */ = {isa = PBXBuildFile; productRef = BFDA3C7A2F40735600445EC1 /* FirebaseAppDistribution-Beta */; };
		BFDA3C7D2F40735600445EC1 /* FirebaseAuth in Frameworks */ = {isa = PBXBuildFile; productRef = BFDA3C7C2F40735600445EC1 /* FirebaseAuth */; };
		BFDA3C7F2F40735600445EC1 /* FirebaseAuthCombine-Community in Frameworks */ = {isa = PBXBuildFile; productRef = BFDA3C7E2F40735600445EC1 /* FirebaseAuthCombine-Community */; };
		BFDA3C812F40735600445EC1 /* FirebaseCore in Frameworks */ = {isa = PBXBuildFile; productRef = BFDA3C802F40735600445EC1 /* FirebaseCore */; };
		BFDA3C832F40735600445EC1 /* FirebaseCrashlytics in Frameworks */ = {isa = PBXBuildFile; productRef = BFDA3C822F40735600445EC1 /* FirebaseCrashlytics */; };
		BFDA3C852F40735600445EC1 /* FirebaseDatabase in Frameworks */ = {isa = PBXBuildFile; productRef = BFDA3C842F40735600445EC1 /* FirebaseDatabase */; };
		BFDA3C872F40735600445EC1 /* FirebaseFirestore in Frameworks */ = {isa = PBXBuildFile; productRef = BFDA3C862F40735600445EC1 /* FirebaseFirestore */; };
		BFDA3C892F40735600445EC1 /* FirebaseFirestoreCombine-Community in Frameworks */ = {isa = PBXBuildFile; productRef = BFDA3C882F40735600445EC1 /* FirebaseFirestoreCombine-Community */; };
		BFDA3C8B2F40735600445EC1 /* FirebaseFunctions in Frameworks */ = {isa = PBXBuildFile; productRef = BFDA3C8A2F40735600445EC1 /* FirebaseFunctions */; };
		BFDA3C8D2F40735600445EC1 /* FirebaseFunctionsCombine-Community in Frameworks */ = {isa = PBXBuildFile; productRef = BFDA3C8C2F40735600445EC1 /* FirebaseFunctionsCombine-Community */; };
		BFDA3C8F2F40735600445EC1 /* FirebaseInAppMessaging-Beta in Frameworks */ = {isa = PBXBuildFile; productRef = BFDA3C8E2F40735600445EC1 /* FirebaseInAppMessaging-Beta */; };
		BFDA3C912F40735600445EC1 /* FirebaseInstallations in Frameworks */ = {isa = PBXBuildFile; productRef = BFDA3C902F40735600445EC1 /* FirebaseInstallations */; };
		BFDA3C932F40735600445EC1 /* FirebaseMLModelDownloader in Frameworks */ = {isa = PBXBuildFile; productRef = BFDA3C922F40735600445EC1 /* FirebaseMLModelDownloader */; };
		BFDA3C952F40735600445EC1 /* FirebaseMessaging in Frameworks */ = {isa = PBXBuildFile; productRef = BFDA3C942F40735600445EC1 /* FirebaseMessaging */; };
		BFDA3C972F40735600445EC1 /* FirebasePerformance in Frameworks */ = {isa = PBXBuildFile; productRef = BFDA3C962F40735600445EC1 /* FirebasePerformance */; };
		BFDA3C992F40735600445EC1 /* FirebaseRemoteConfig in Frameworks */ = {isa = PBXBuildFile; productRef = BFDA3C982F40735600445EC1 /* FirebaseRemoteConfig */; };
		BFDA3C9B2F40735600445EC1 /* FirebaseStorage in Frameworks */ = {isa = PBXBuildFile; productRef = BFDA3C9A2F40735600445EC1 /* FirebaseStorage */; };
		BFDA3C9D2F40735600445EC1 /* FirebaseStorageCombine-Community in Frameworks */ = {isa = PBXBuildFile; productRef = BFDA3C9C2F40735600445EC1 /* FirebaseStorageCombine-Community */; };
/* End PBXBuildFile section */

/* Begin PBXFileReference section */
		02AE994B2ED5711C0079EA2B /* Sāmwaad.app */ = {isa = PBXFileReference; explicitFileType = wrapper.application; includeInIndex = 0; path = "Sāmwaad.app"; sourceTree = BUILT_PRODUCTS_DIR; };
		BF1B1AAE2F4070EF00C4F236 /* VL1004.mlpackage */ = {isa = PBXFileReference; lastKnownFileType = folder.mlpackage; path = VL1004.mlpackage; sourceTree = "<group>"; };
/* End PBXFileReference section */

/* Begin PBXFileSystemSynchronizedBuildFileExceptionSet section */
		02AE995D2ED5711D0079EA2B /* Exceptions for "ANSD_APP" folder in "Sāmwaad" target */ = {
			isa = PBXFileSystemSynchronizedBuildFileExceptionSet;
			membershipExceptions = (
				Info.plist,
			);
			target = 02AE994A2ED5711C0079EA2B /* Sāmwaad */;
		};
/* End PBXFileSystemSynchronizedBuildFileExceptionSet section */

/* Begin PBXFileSystemSynchronizedRootGroup section */
		02AE994D2ED5711C0079EA2B /* ANSD_APP */ = {
			isa = PBXFileSystemSynchronizedRootGroup;
			exceptions = (
				02AE995D2ED5711D0079EA2B /* Exceptions for "ANSD_APP" folder in "Sāmwaad" target */,
			);
			path = ANSD_APP;
			sourceTree = "<group>";
		};
/* End PBXFileSystemSynchronizedRootGroup section */

/* Begin PBXFrameworksBuildPhase section */
		02AE99482ED5711C0079EA2B /* Frameworks */ = {
			isa = PBXFrameworksBuildPhase;
			buildActionMask = 2147483647;
			files = (
				BFDA3C7B2F40735600445EC1 /* FirebaseAppDistribution-Beta in Frameworks */,
				BFDA3C872F40735600445EC1 /* FirebaseFirestore in Frameworks */,
				BFDA3C7F2F40735600445EC1 /* FirebaseAuthCombine-Community in Frameworks */,
				BFDA3C912F40735600445EC1 /* FirebaseInstallations in Frameworks */,
				BFDA3C712F40735600445EC1 /* FirebaseAILogic in Frameworks */,
				02D7E7C72F6D143A00C20BC2 /* GoogleSignInSwift in Frameworks */,
				BFDA3C772F40735600445EC1 /* FirebaseAnalyticsIdentitySupport in Frameworks */,
				BFDA3C8F2F40735600445EC1 /* FirebaseInAppMessaging-Beta in Frameworks */,
				BFDA3C6F2F40735600445EC1 /* FirebaseAI in Frameworks */,
				BFDA3C832F40735600445EC1 /* FirebaseCrashlytics in Frameworks */,
				BFDA3C8D2F40735600445EC1 /* FirebaseFunctionsCombine-Community in Frameworks */,
				BFDA3C9D2F40735600445EC1 /* FirebaseStorageCombine-Community in Frameworks */,
				BFDA3C852F40735600445EC1 /* FirebaseDatabase in Frameworks */,
				BFDA3C9B2F40735600445EC1 /* FirebaseStorage in Frameworks */,
				BFDA3C992F40735600445EC1 /* FirebaseRemoteConfig in Frameworks */,
				BFDA3C732F40735600445EC1 /* FirebaseAnalytics in Frameworks */,
				02D7E7C52F6D143A00C20BC2 /* GoogleSignIn in Frameworks */,
				BFDA3C952F40735600445EC1 /* FirebaseMessaging in Frameworks */,
				BFDA3C932F40735600445EC1 /* FirebaseMLModelDownloader in Frameworks */,
				BFDA3C972F40735600445EC1 /* FirebasePerformance in Frameworks */,
				BFDA3C812F40735600445EC1 /* FirebaseCore in Frameworks */,
				BFDA3C792F40735600445EC1 /* FirebaseAppCheck in Frameworks */,
				BFDA3C752F40735600445EC1 /* FirebaseAnalyticsCore in Frameworks */,
				BFDA3C8B2F40735600445EC1 /* FirebaseFunctions in Frameworks */,
				BFDA3C7D2F40735600445EC1 /* FirebaseAuth in Frameworks */,
				BFDA3C892F40735600445EC1 /* FirebaseFirestoreCombine-Community in Frameworks */,
			);
			runOnlyForDeploymentPostprocessing = 0;
		};
/* End PBXFrameworksBuildPhase section */

/* Begin PBXGroup section */
		02AE99422ED5711C0079EA2B = {
			isa = PBXGroup;
			children = (
				02AE994D2ED5711C0079EA2B /* ANSD_APP */,
				02AE994C2ED5711C0079EA2B /* Products */,
				BF1B1AAE2F4070EF00C4F236 /* VL1004.mlpackage */,
				BFDA3C6C2F40729100445EC1 /* Frameworks */,
			);
			sourceTree = "<group>";
		};
		02AE994C2ED5711C0079EA2B /* Products */ = {
			isa = PBXGroup;
			children = (
				02AE994B2ED5711C0079EA2B /* Sāmwaad.app */,
			);
			name = Products;
			sourceTree = "<group>";
		};
		BFDA3C6C2F40729100445EC1 /* Frameworks */ = {
			isa = PBXGroup;
			children = (
			);
			name = Frameworks;
			sourceTree = "<group>";
		};
/* End PBXGroup section */

/* Begin PBXNativeTarget section */
		02AE994A2ED5711C0079EA2B /* Sāmwaad */ = {
			isa = PBXNativeTarget;
			buildConfigurationList = 02AE995E2ED5711D0079EA2B /* Build configuration list for PBXNativeTarget "Sāmwaad" */;
			buildPhases = (
				02AE99472ED5711C0079EA2B /* Sources */,
				02AE99482ED5711C0079EA2B /* Frameworks */,
				02AE99492ED5711C0079EA2B /* Resources */,
			);
			buildRules = (
			);
			dependencies = (
			);
			fileSystemSynchronizedGroups = (
				02AE994D2ED5711C0079EA2B /* ANSD_APP */,
			);
			name = "Sāmwaad";
			packageProductDependencies = (
				BFDA3C6E2F40735600445EC1 /* FirebaseAI */,
				BFDA3C702F40735600445EC1 /* FirebaseAILogic */,
				BFDA3C722F40735600445EC1 /* FirebaseAnalytics */,
				BFDA3C742F40735600445EC1 /* FirebaseAnalyticsCore */,
				BFDA3C762F40735600445EC1 /* FirebaseAnalyticsIdentitySupport */,
				BFDA3C782F40735600445EC1 /* FirebaseAppCheck */,
				BFDA3C7A2F40735600445EC1 /* FirebaseAppDistribution-Beta */,
				BFDA3C7C2F40735600445EC1 /* FirebaseAuth */,
				BFDA3C7E2F40735600445EC1 /* FirebaseAuthCombine-Community */,
				BFDA3C802F40735600445EC1 /* FirebaseCore */,
				BFDA3C822F40735600445EC1 /* FirebaseCrashlytics */,
				BFDA3C842F40735600445EC1 /* FirebaseDatabase */,
				BFDA3C862F40735600445EC1 /* FirebaseFirestore */,
				BFDA3C882F40735600445EC1 /* FirebaseFirestoreCombine-Community */,
				BFDA3C8A2F40735600445EC1 /* FirebaseFunctions */,
				BFDA3C8C2F40735600445EC1 /* FirebaseFunctionsCombine-Community */,
				BFDA3C8E2F40735600445EC1 /* FirebaseInAppMessaging-Beta */,
				BFDA3C902F40735600445EC1 /* FirebaseInstallations */,
				BFDA3C922F40735600445EC1 /* FirebaseMLModelDownloader */,
				BFDA3C942F40735600445EC1 /* FirebaseMessaging */,
				BFDA3C962F40735600445EC1 /* FirebasePerformance */,
				BFDA3C982F40735600445EC1 /* FirebaseRemoteConfig */,
				BFDA3C9A2F40735600445EC1 /* FirebaseStorage */,
				BFDA3C9C2F40735600445EC1 /* FirebaseStorageCombine-Community */,
				02D7E7C42F6D143A00C20BC2 /* GoogleSignIn */,
				02D7E7C62F6D143A00C20BC2 /* GoogleSignInSwift */,
			);
			productName = ANSD_APP;
			productReference = 02AE994B2ED5711C0079EA2B /* Sāmwaad.app */;
			productType = "com.apple.product-type.application";
		};
/* End PBXNativeTarget section */

/* Begin PBXProject section */
		02AE99432ED5711C0079EA2B /* Project object */ = {
			isa = PBXProject;
			attributes = {
				BuildIndependentTargetsInParallel = 1;
				LastSwiftUpdateCheck = 2610;
				LastUpgradeCheck = 2630;
				TargetAttributes = {
					02AE994A2ED5711C0079EA2B = {
						CreatedOnToolsVersion = 26.1.1;
					};
				};
			};
			buildConfigurationList = 02AE99462ED5711C0079EA2B /* Build configuration list for PBXProject "Sāmwaad" */;
			developmentRegion = en;
			hasScannedForEncodings = 0;
			knownRegions = (
				en,
				Base,
				"Base 2",
			);
			mainGroup = 02AE99422ED5711C0079EA2B;
			minimizedProjectReferenceProxies = 1;
			packageReferences = (
				BFDA3C6D2F40735600445EC1 /* XCRemoteSwiftPackageReference "firebase-ios-sdk" */,
				02D7E7C32F6D143A00C20BC2 /* XCRemoteSwiftPackageReference "GoogleSignIn-iOS" */,
			);
			preferredProjectObjectVersion = 77;
			productRefGroup = 02AE994C2ED5711C0079EA2B /* Products */;
			projectDirPath = "";
			projectRoot = "";
			targets = (
				02AE994A2ED5711C0079EA2B /* Sāmwaad */,
			);
		};
/* End PBXProject section */

/* Begin PBXResourcesBuildPhase section */
		02AE99492ED5711C0079EA2B /* Resources */ = {
			isa = PBXResourcesBuildPhase;
			buildActionMask = 2147483647;
			files = (
			);
			runOnlyForDeploymentPostprocessing = 0;
		};
/* End PBXResourcesBuildPhase section */

/* Begin PBXSourcesBuildPhase section */
		02AE99472ED5711C0079EA2B /* Sources */ = {
			isa = PBXSourcesBuildPhase;
			buildActionMask = 2147483647;
			files = (
				BF1B1AAF2F4070EF00C4F236 /* VL1004.mlpackage in Sources */,
			);
			runOnlyForDeploymentPostprocessing = 0;
		};
/* End PBXSourcesBuildPhase section */

/* Begin XCBuildConfiguration section */
		02AE995F2ED5711D0079EA2B /* Debug */ = {
			isa = XCBuildConfiguration;
			buildSettings = {
				ASSETCATALOG_COMPILER_APPICON_NAME = AppIcon;
				ASSETCATALOG_COMPILER_GLOBAL_ACCENT_COLOR_NAME = AccentColor;
				ASSETCATALOG_COMPILER_INCLUDE_ALL_APPICON_ASSETS = YES;
				CODE_SIGN_STYLE = Automatic;
				CURRENT_PROJECT_VERSION = 1;
				DEVELOPMENT_TEAM = 3Q2Q39D24W;
				GENERATE_INFOPLIST_FILE = YES;
				INFOPLIST_FILE = ANSD_APP/Info.plist;
				INFOPLIST_KEY_CFBundleDisplayName = "Sāmwaad";
				INFOPLIST_KEY_LSApplicationCategoryType = "public.app-category.lifestyle";
				INFOPLIST_KEY_NSContactsUsageDescription = "We need access to your contacts to add participants to the group.";
				INFOPLIST_KEY_NSLocationWhenInUseUsageDescription = "We need your location to add context to session summaries.";
				INFOPLIST_KEY_NSMicrophoneUsageDescription = STT.;
				INFOPLIST_KEY_NSSpeechRecognitionUsageDescription = STT.;
				INFOPLIST_KEY_UIApplicationSupportsIndirectInputEvents = YES;
				INFOPLIST_KEY_UILaunchStoryboardName = LaunchScreen;
				INFOPLIST_KEY_UIMainStoryboardFile = Main;
				INFOPLIST_KEY_UISupportedInterfaceOrientations = "UIInterfaceOrientationLandscapeLeft UIInterfaceOrientationLandscapeRight UIInterfaceOrientationPortrait UIInterfaceOrientationPortraitUpsideDown";
				LD_RUNPATH_SEARCH_PATHS = (
					"$(inherited)",
					"@executable_path/Frameworks",
				);
				MARKETING_VERSION = 1.0;
				PRODUCT_BUNDLE_IDENTIFIER = com.group4.Samwaad;
				PRODUCT_NAME = "$(TARGET_NAME)";
				STRING_CATALOG_GENERATE_SYMBOLS = YES;
				SWIFT_APPROACHABLE_CONCURRENCY = YES;
				SWIFT_DEFAULT_ACTOR_ISOLATION = MainActor;
				SWIFT_EMIT_LOC_STRINGS = YES;
				SWIFT_UPCOMING_FEATURE_MEMBER_IMPORT_VISIBILITY = YES;
				SWIFT_VERSION = 5.0;
				TARGETED_DEVICE_FAMILY = "1,2";
			};
			name = Debug;
		};
		02AE99602ED5711D0079EA2B /* Release */ = {
			isa = XCBuildConfiguration;
			buildSettings = {
				ASSETCATALOG_COMPILER_APPICON_NAME = AppIcon;
				ASSETCATALOG_COMPILER_GLOBAL_ACCENT_COLOR_NAME = AccentColor;
				ASSETCATALOG_COMPILER_INCLUDE_ALL_APPICON_ASSETS = YES;
				CODE_SIGN_STYLE = Automatic;
				CURRENT_PROJECT_VERSION = 1;
				DEVELOPMENT_TEAM = 3Q2Q39D24W;
				GENERATE_INFOPLIST_FILE = YES;
				INFOPLIST_FILE = ANSD_APP/Info.plist;
				INFOPLIST_KEY_CFBundleDisplayName = "Sāmwaad";
				INFOPLIST_KEY_LSApplicationCategoryType = "public.app-category.lifestyle";
				INFOPLIST_KEY_NSContactsUsageDescription = "We need access to your contacts to add participants to the group.";
				INFOPLIST_KEY_NSLocationWhenInUseUsageDescription = "We need your location to add context to session summaries.";
				INFOPLIST_KEY_NSMicrophoneUsageDescription = STT.;
				INFOPLIST_KEY_NSSpeechRecognitionUsageDescription = STT.;
				INFOPLIST_KEY_UIApplicationSupportsIndirectInputEvents = YES;
				INFOPLIST_KEY_UILaunchStoryboardName = LaunchScreen;
				INFOPLIST_KEY_UIMainStoryboardFile = Main;
				INFOPLIST_KEY_UISupportedInterfaceOrientations = "UIInterfaceOrientationLandscapeLeft UIInterfaceOrientationLandscapeRight UIInterfaceOrientationPortrait UIInterfaceOrientationPortraitUpsideDown";
				LD_RUNPATH_SEARCH_PATHS = (
					"$(inherited)",
					"@executable_path/Frameworks",
				);
				MARKETING_VERSION = 1.0;
				PRODUCT_BUNDLE_IDENTIFIER = com.group4.Samwaad;
				PRODUCT_NAME = "$(TARGET_NAME)";
				STRING_CATALOG_GENERATE_SYMBOLS = YES;
				SWIFT_APPROACHABLE_CONCURRENCY = YES;
				SWIFT_DEFAULT_ACTOR_ISOLATION = MainActor;
				SWIFT_EMIT_LOC_STRINGS = YES;
				SWIFT_UPCOMING_FEATURE_MEMBER_IMPORT_VISIBILITY = YES;
				SWIFT_VERSION = 5.0;
				TARGETED_DEVICE_FAMILY = "1,2";
			};
			name = Release;
		};
		02AE99612ED5711D0079EA2B /* Debug */ = {
			isa = XCBuildConfiguration;
			buildSettings = {
				ALWAYS_SEARCH_USER_PATHS = NO;
				ASSETCATALOG_COMPILER_GENERATE_SWIFT_ASSET_SYMBOL_EXTENSIONS = YES;
				CLANG_ANALYZER_LOCALIZABILITY_NONLOCALIZED = YES;
				CLANG_ANALYZER_NONNULL = YES;
				CLANG_ANALYZER_NUMBER_OBJECT_CONVERSION = YES_AGGRESSIVE;
				CLANG_CXX_LANGUAGE_STANDARD = "gnu++20";
				CLANG_ENABLE_MODULES = YES;
				CLANG_ENABLE_OBJC_ARC = YES;
				CLANG_ENABLE_OBJC_WEAK = YES;
				CLANG_WARN_BLOCK_CAPTURE_AUTORELEASING = YES;
				CLANG_WARN_BOOL_CONVERSION = YES;
				CLANG_WARN_COMMA = YES;
				CLANG_WARN_CONSTANT_CONVERSION = YES;
				CLANG_WARN_DEPRECATED_OBJC_IMPLEMENTATIONS = YES;
				CLANG_WARN_DIRECT_OBJC_ISA_USAGE = YES_ERROR;
				CLANG_WARN_DOCUMENTATION_COMMENTS = YES;
				CLANG_WARN_EMPTY_BODY = YES;
				CLANG_WARN_ENUM_CONVERSION = YES;
				CLANG_WARN_INFINITE_RECURSION = YES;
				CLANG_WARN_INT_CONVERSION = YES;
				CLANG_WARN_NON_LITERAL_NULL_CONVERSION = YES;
				CLANG_WARN_OBJC_IMPLICIT_RETAIN_SELF = YES;
				CLANG_WARN_OBJC_LITERAL_CONVERSION = YES;
				CLANG_WARN_OBJC_ROOT_CLASS = YES_ERROR;
				CLANG_WARN_QUOTED_INCLUDE_IN_FRAMEWORK_HEADER = YES;
				CLANG_WARN_RANGE_LOOP_ANALYSIS = YES;
				CLANG_WARN_STRICT_PROTOTYPES = YES;
				CLANG_WARN_SUSPICIOUS_MOVE = YES;
				CLANG_WARN_UNGUARDED_AVAILABILITY = YES_AGGRESSIVE;
				CLANG_WARN_UNREACHABLE_CODE = YES;
				CLANG_WARN__DUPLICATE_METHOD_MATCH = YES;
				COPY_PHASE_STRIP = NO;
				DEBUG_INFORMATION_FORMAT = dwarf;
				DEVELOPMENT_TEAM = 3Q2Q39D24W;
				ENABLE_STRICT_OBJC_MSGSEND = YES;
				ENABLE_TESTABILITY = YES;
				ENABLE_USER_SCRIPT_SANDBOXING = YES;
				GCC_C_LANGUAGE_STANDARD = gnu17;
				GCC_DYNAMIC_NO_PIC = NO;
				GCC_NO_COMMON_BLOCKS = YES;
				GCC_OPTIMIZATION_LEVEL = 0;
				GCC_PREPROCESSOR_DEFINITIONS = (
					"DEBUG=1",
					"$(inherited)",
				);
				GCC_WARN_64_TO_32_BIT_CONVERSION = YES;
				GCC_WARN_ABOUT_RETURN_TYPE = YES_ERROR;
				GCC_WARN_UNDECLARED_SELECTOR = YES;
				GCC_WARN_UNINITIALIZED_AUTOS = YES_AGGRESSIVE;
				GCC_WARN_UNUSED_FUNCTION = YES;
				GCC_WARN_UNUSED_VARIABLE = YES;
				IPHONEOS_DEPLOYMENT_TARGET = 26.1;
				LOCALIZATION_PREFERS_STRING_CATALOGS = YES;
				MTL_ENABLE_DEBUG_INFO = INCLUDE_SOURCE;
				MTL_FAST_MATH = YES;
				ONLY_ACTIVE_ARCH = YES;
				SDKROOT = iphoneos;
				STRING_CATALOG_GENERATE_SYMBOLS = YES;
				SWIFT_ACTIVE_COMPILATION_CONDITIONS = "DEBUG $(inherited)";
				SWIFT_OPTIMIZATION_LEVEL = "-Onone";
			};
			name = Debug;
		};
		02AE99622ED5711D0079EA2B /* Release */ = {
			isa = XCBuildConfiguration;
			buildSettings = {
				ALWAYS_SEARCH_USER_PATHS = NO;
				ASSETCATALOG_COMPILER_GENERATE_SWIFT_ASSET_SYMBOL_EXTENSIONS = YES;
				CLANG_ANALYZER_LOCALIZABILITY_NONLOCALIZED = YES;
				CLANG_ANALYZER_NONNULL = YES;
				CLANG_ANALYZER_NUMBER_OBJECT_CONVERSION = YES_AGGRESSIVE;
				CLANG_CXX_LANGUAGE_STANDARD = "gnu++20";
				CLANG_ENABLE_MODULES = YES;
				CLANG_ENABLE_OBJC_ARC = YES;
				CLANG_ENABLE_OBJC_WEAK = YES;
				CLANG_WARN_BLOCK_CAPTURE_AUTORELEASING = YES;
				CLANG_WARN_BOOL_CONVERSION = YES;
				CLANG_WARN_COMMA = YES;
				CLANG_WARN_CONSTANT_CONVERSION = YES;
				CLANG_WARN_DEPRECATED_OBJC_IMPLEMENTATIONS = YES;
				CLANG_WARN_DIRECT_OBJC_ISA_USAGE = YES_ERROR;
				CLANG_WARN_DOCUMENTATION_COMMENTS = YES;
				CLANG_WARN_EMPTY_BODY = YES;
				CLANG_WARN_ENUM_CONVERSION = YES;
				CLANG_WARN_INFINITE_RECURSION = YES;
				CLANG_WARN_INT_CONVERSION = YES;
				CLANG_WARN_NON_LITERAL_NULL_CONVERSION = YES;
				CLANG_WARN_OBJC_IMPLICIT_RETAIN_SELF = YES;
				CLANG_WARN_OBJC_LITERAL_CONVERSION = YES;
				CLANG_WARN_OBJC_ROOT_CLASS = YES_ERROR;
				CLANG_WARN_QUOTED_INCLUDE_IN_FRAMEWORK_HEADER = YES;
				CLANG_WARN_RANGE_LOOP_ANALYSIS = YES;
				CLANG_WARN_STRICT_PROTOTYPES = YES;
				CLANG_WARN_SUSPICIOUS_MOVE = YES;
				CLANG_WARN_UNGUARDED_AVAILABILITY = YES_AGGRESSIVE;
				CLANG_WARN_UNREACHABLE_CODE = YES;
				CLANG_WARN__DUPLICATE_METHOD_MATCH = YES;
				COPY_PHASE_STRIP = NO;
				DEBUG_INFORMATION_FORMAT = "dwarf-with-dsym";
				DEVELOPMENT_TEAM = 3Q2Q39D24W;
				ENABLE_NS_ASSERTIONS = NO;
				ENABLE_STRICT_OBJC_MSGSEND = YES;
				ENABLE_USER_SCRIPT_SANDBOXING = YES;
				GCC_C_LANGUAGE_STANDARD = gnu17;
				GCC_NO_COMMON_BLOCKS = YES;
				GCC_WARN_64_TO_32_BIT_CONVERSION = YES;
				GCC_WARN_ABOUT_RETURN_TYPE = YES_ERROR;
				GCC_WARN_UNDECLARED_SELECTOR = YES;
				GCC_WARN_UNINITIALIZED_AUTOS = YES_AGGRESSIVE;
				GCC_WARN_UNUSED_FUNCTION = YES;
				GCC_WARN_UNUSED_VARIABLE = YES;
				IPHONEOS_DEPLOYMENT_TARGET = 26.1;
				LOCALIZATION_PREFERS_STRING_CATALOGS = YES;
				MTL_ENABLE_DEBUG_INFO = NO;
				MTL_FAST_MATH = YES;
				SDKROOT = iphoneos;
				STRING_CATALOG_GENERATE_SYMBOLS = YES;
				SWIFT_COMPILATION_MODE = wholemodule;
				VALIDATE_PRODUCT = YES;
			};
			name = Release;
		};
/* End XCBuildConfiguration section */

/* Begin XCConfigurationList section */
		02AE99462ED5711C0079EA2B /* Build configuration list for PBXProject "Sāmwaad" */ = {
			isa = XCConfigurationList;
			buildConfigurations = (
				02AE99612ED5711D0079EA2B /* Debug */,
				02AE99622ED5711D0079EA2B /* Release */,
			);
			defaultConfigurationIsVisible = 0;
			defaultConfigurationName = Release;
		};
		02AE995E2ED5711D0079EA2B /* Build configuration list for PBXNativeTarget "Sāmwaad" */ = {
			isa = XCConfigurationList;
			buildConfigurations = (
				02AE995F2ED5711D0079EA2B /* Debug */,
				02AE99602ED5711D0079EA2B /* Release */,
			);
			defaultConfigurationIsVisible = 0;
			defaultConfigurationName = Release;
		};
/* End XCConfigurationList section */

/* Begin XCRemoteSwiftPackageReference section */
		02D7E7C32F6D143A00C20BC2 /* XCRemoteSwiftPackageReference "GoogleSignIn-iOS" */ = {
			isa = XCRemoteSwiftPackageReference;
			repositoryURL = "https://github.com/google/GoogleSignIn-iOS";
			requirement = {
				kind = upToNextMajorVersion;
				minimumVersion = 9.1.0;
			};
		};
		BFDA3C6D2F40735600445EC1 /* XCRemoteSwiftPackageReference "firebase-ios-sdk" */ = {
			isa = XCRemoteSwiftPackageReference;
			repositoryURL = "https://github.com/firebase/firebase-ios-sdk";
			requirement = {
				kind = upToNextMajorVersion;
				minimumVersion = 12.9.0;
			};
		};
/* End XCRemoteSwiftPackageReference section */

/* Begin XCSwiftPackageProductDependency section */
		02D7E7C42F6D143A00C20BC2 /* GoogleSignIn */ = {
			isa = XCSwiftPackageProductDependency;
			package = 02D7E7C32F6D143A00C20BC2 /* XCRemoteSwiftPackageReference "GoogleSignIn-iOS" */;
			productName = GoogleSignIn;
		};
		02D7E7C62F6D143A00C20BC2 /* GoogleSignInSwift */ = {
			isa = XCSwiftPackageProductDependency;
			package = 02D7E7C32F6D143A00C20BC2 /* XCRemoteSwiftPackageReference "GoogleSignIn-iOS" */;
			productName = GoogleSignInSwift;
		};
		BFDA3C6E2F40735600445EC1 /* FirebaseAI */ = {
			isa = XCSwiftPackageProductDependency;
			package = BFDA3C6D2F40735600445EC1 /* XCRemoteSwiftPackageReference "firebase-ios-sdk" */;
			productName = FirebaseAI;
		};
		BFDA3C702F40735600445EC1 /* FirebaseAILogic */ = {
			isa = XCSwiftPackageProductDependency;
			package = BFDA3C6D2F40735600445EC1 /* XCRemoteSwiftPackageReference "firebase-ios-sdk" */;
			productName = FirebaseAILogic;
		};
		BFDA3C722F40735600445EC1 /* FirebaseAnalytics */ = {
			isa = XCSwiftPackageProductDependency;
			package = BFDA3C6D2F40735600445EC1 /* XCRemoteSwiftPackageReference "firebase-ios-sdk" */;
			productName = FirebaseAnalytics;
		};
		BFDA3C742F40735600445EC1 /* FirebaseAnalyticsCore */ = {
			isa = XCSwiftPackageProductDependency;
			package = BFDA3C6D2F40735600445EC1 /* XCRemoteSwiftPackageReference "firebase-ios-sdk" */;
			productName = FirebaseAnalyticsCore;
		};
		BFDA3C762F40735600445EC1 /* FirebaseAnalyticsIdentitySupport */ = {
			isa = XCSwiftPackageProductDependency;
			package = BFDA3C6D2F40735600445EC1 /* XCRemoteSwiftPackageReference "firebase-ios-sdk" */;
			productName = FirebaseAnalyticsIdentitySupport;
		};
		BFDA3C782F40735600445EC1 /* FirebaseAppCheck */ = {
			isa = XCSwiftPackageProductDependency;
			package = BFDA3C6D2F40735600445EC1 /* XCRemoteSwiftPackageReference "firebase-ios-sdk" */;
			productName = FirebaseAppCheck;
		};
		BFDA3C7A2F40735600445EC1 /* FirebaseAppDistribution-Beta */ = {
			isa = XCSwiftPackageProductDependency;
			package = BFDA3C6D2F40735600445EC1 /* XCRemoteSwiftPackageReference "firebase-ios-sdk" */;
			productName = "FirebaseAppDistribution-Beta";
		};
		BFDA3C7C2F40735600445EC1 /* FirebaseAuth */ = {
			isa = XCSwiftPackageProductDependency;
			package = BFDA3C6D2F40735600445EC1 /* XCRemoteSwiftPackageReference "firebase-ios-sdk" */;
			productName = FirebaseAuth;
		};
		BFDA3C7E2F40735600445EC1 /* FirebaseAuthCombine-Community */ = {
			isa = XCSwiftPackageProductDependency;
			package = BFDA3C6D2F40735600445EC1 /* XCRemoteSwiftPackageReference "firebase-ios-sdk" */;
			productName = "FirebaseAuthCombine-Community";
		};
		BFDA3C802F40735600445EC1 /* FirebaseCore */ = {
			isa = XCSwiftPackageProductDependency;
			package = BFDA3C6D2F40735600445EC1 /* XCRemoteSwiftPackageReference "firebase-ios-sdk" */;
			productName = FirebaseCore;
		};
		BFDA3C822F40735600445EC1 /* FirebaseCrashlytics */ = {
			isa = XCSwiftPackageProductDependency;
			package = BFDA3C6D2F40735600445EC1 /* XCRemoteSwiftPackageReference "firebase-ios-sdk" */;
			productName = FirebaseCrashlytics;
		};
		BFDA3C842F40735600445EC1 /* FirebaseDatabase */ = {
			isa = XCSwiftPackageProductDependency;
			package = BFDA3C6D2F40735600445EC1 /* XCRemoteSwiftPackageReference "firebase-ios-sdk" */;
			productName = FirebaseDatabase;
		};
		BFDA3C862F40735600445EC1 /* FirebaseFirestore */ = {
			isa = XCSwiftPackageProductDependency;
			package = BFDA3C6D2F40735600445EC1 /* XCRemoteSwiftPackageReference "firebase-ios-sdk" */;
			productName = FirebaseFirestore;
		};
		BFDA3C882F40735600445EC1 /* FirebaseFirestoreCombine-Community */ = {
			isa = XCSwiftPackageProductDependency;
			package = BFDA3C6D2F40735600445EC1 /* XCRemoteSwiftPackageReference "firebase-ios-sdk" */;
			productName = "FirebaseFirestoreCombine-Community";
		};
		BFDA3C8A2F40735600445EC1 /* FirebaseFunctions */ = {
			isa = XCSwiftPackageProductDependency;
			package = BFDA3C6D2F40735600445EC1 /* XCRemoteSwiftPackageReference "firebase-ios-sdk" */;
			productName = FirebaseFunctions;
		};
		BFDA3C8C2F40735600445EC1 /* FirebaseFunctionsCombine-Community */ = {
			isa = XCSwiftPackageProductDependency;
			package = BFDA3C6D2F40735600445EC1 /* XCRemoteSwiftPackageReference "firebase-ios-sdk" */;
			productName = "FirebaseFunctionsCombine-Community";
		};
		BFDA3C8E2F40735600445EC1 /* FirebaseInAppMessaging-Beta */ = {
			isa = XCSwiftPackageProductDependency;
			package = BFDA3C6D2F40735600445EC1 /* XCRemoteSwiftPackageReference "firebase-ios-sdk" */;
			productName = "FirebaseInAppMessaging-Beta";
		};
		BFDA3C902F40735600445EC1 /* FirebaseInstallations */ = {
			isa = XCSwiftPackageProductDependency;
			package = BFDA3C6D2F40735600445EC1 /* XCRemoteSwiftPackageReference "firebase-ios-sdk" */;
			productName = FirebaseInstallations;
		};
		BFDA3C922F40735600445EC1 /* FirebaseMLModelDownloader */ = {
			isa = XCSwiftPackageProductDependency;
			package = BFDA3C6D2F40735600445EC1 /* XCRemoteSwiftPackageReference "firebase-ios-sdk" */;
			productName = FirebaseMLModelDownloader;
		};
		BFDA3C942F40735600445EC1 /* FirebaseMessaging */ = {
			isa = XCSwiftPackageProductDependency;
			package = BFDA3C6D2F40735600445EC1 /* XCRemoteSwiftPackageReference "firebase-ios-sdk" */;
			productName = FirebaseMessaging;
		};
		BFDA3C962F40735600445EC1 /* FirebasePerformance */ = {
			isa = XCSwiftPackageProductDependency;
			package = BFDA3C6D2F40735600445EC1 /* XCRemoteSwiftPackageReference "firebase-ios-sdk" */;
			productName = FirebasePerformance;
		};
		BFDA3C982F40735600445EC1 /* FirebaseRemoteConfig */ = {
			isa = XCSwiftPackageProductDependency;
			package = BFDA3C6D2F40735600445EC1 /* XCRemoteSwiftPackageReference "firebase-ios-sdk" */;
			productName = FirebaseRemoteConfig;
		};
		BFDA3C9A2F40735600445EC1 /* FirebaseStorage */ = {
			isa = XCSwiftPackageProductDependency;
			package = BFDA3C6D2F40735600445EC1 /* XCRemoteSwiftPackageReference "firebase-ios-sdk" */;
			productName = FirebaseStorage;
		};
		BFDA3C9C2F40735600445EC1 /* FirebaseStorageCombine-Community */ = {
			isa = XCSwiftPackageProductDependency;
			package = BFDA3C6D2F40735600445EC1 /* XCRemoteSwiftPackageReference "firebase-ios-sdk" */;
			productName = "FirebaseStorageCombine-Community";
		};
/* End XCSwiftPackageProductDependency section */
	};
	rootObject = 02AE99432ED5711C0079EA2B /* Project object */;
}
